
Microsoft Visual Studio Solution File, Format Version 12.00
# Visual Studio Version 16
VisualStudioVersion = 16.0.30907.101
MinimumVisualStudioVersion = 10.0.40219.1
Project("{D954291E-2A0B-460D-934E-DC6B0785DB48}") = ".Common", "Common\.Common.shproj", "{30AE84BD-F2EA-41C1-A1D3-B6E2609BF1A9}"
EndProject
Project("{9A19103F-16F7-4668-BE54-9A1E7A4F7556}") = "Tests.Common", "Tests.Common\Tests.Common.csproj", "{36B2D547-EC09-461F-BF69-AE5B70EA67D1}"
EndProject
Project("{2150E333-8FDC-42A3-9474-1A3956D46DE8}") = "Tests", "Tests", "{D817E4CC-BCFA-4694-AD00-BE89D38AA523}"
EndProject
Project("{FAE04EC0-301F-11D3-BF4B-00C04F79EFBC}") = "ClickToMove", "ClickToMove\ClickToMove.csproj", "{8BE12EC7-2A2A-4D8E-B6FB-747B902A3957}"
EndProject
Project("{2150E333-8FDC-42A3-9474-1A3956D46DE8}") = "Benchmarks", "Benchmarks", "{95543F71-5AC3-46F3-9A7F-264CB6609960}"
EndProject
Project("{FAE04EC0-301F-11D3-BF4B-00C04F79EFBC}") = "Benchmarks.Common", "Benchmark.Common.Heap\Benchmarks.Common.csproj", "{0A431357-C676-45A5-86E4-4B9299333B98}"
EndProject
Project("{2150E333-8FDC-42A3-9474-1A3956D46DE8}") = "Solution Items", "Solution Items", "{5D7506C0-02DA-413D-9BF8-225E0CB53B14}"
	ProjectSection(SolutionItems) = preProject
		.editorconfig = .editorconfig
		README.md = README.md
		Stardew.ruleset = Stardew.ruleset
		stylecop.json = stylecop.json
	EndProjectSection
EndProject
Global
	GlobalSection(SharedMSBuildProjectFiles) = preSolution
		Common\Common.projitems*{30ae84bd-f2ea-41c1-a1d3-b6e2609bf1a9}*SharedItemsImports = 13
		Common\Common.projitems*{36b2d547-ec09-461f-bf69-ae5b70ea67d1}*SharedItemsImports = 5
		Common\Common.projitems*{8be12ec7-2a2a-4d8e-b6fb-747b902a3957}*SharedItemsImports = 4
	EndGlobalSection
	GlobalSection(SolutionConfigurationPlatforms) = preSolution
		Debug|x86 = Debug|x86
		Release|x86 = Release|x86
	EndGlobalSection
	GlobalSection(ProjectConfigurationPlatforms) = postSolution
		{36B2D547-EC09-461F-BF69-AE5B70EA67D1}.Debug|x86.ActiveCfg = Debug|x86
		{36B2D547-EC09-461F-BF69-AE5B70EA67D1}.Debug|x86.Build.0 = Debug|x86
		{36B2D547-EC09-461F-BF69-AE5B70EA67D1}.Release|x86.ActiveCfg = Release|x86
		{36B2D547-EC09-461F-BF69-AE5B70EA67D1}.Release|x86.Build.0 = Release|x86
		{8BE12EC7-2A2A-4D8E-B6FB-747B902A3957}.Debug|x86.ActiveCfg = Debug|x86
		{8BE12EC7-2A2A-4D8E-B6FB-747B902A3957}.Debug|x86.Build.0 = Debug|x86
		{8BE12EC7-2A2A-4D8E-B6FB-747B902A3957}.Release|x86.ActiveCfg = Release|x86
		{8BE12EC7-2A2A-4D8E-B6FB-747B902A3957}.Release|x86.Build.0 = Release|x86
		{0A431357-C676-45A5-86E4-4B9299333B98}.Debug|x86.ActiveCfg = Debug|x86
		{0A431357-C676-45A5-86E4-4B9299333B98}.Release|x86.ActiveCfg = Release|x86
		{0A431357-C676-45A5-86E4-4B9299333B98}.Release|x86.Build.0 = Release|x86
	EndGlobalSection
	GlobalSection(SolutionProperties) = preSolution
		HideSolutionNode = FALSE
	EndGlobalSection
	GlobalSection(NestedProjects) = preSolution
		{36B2D547-EC09-461F-BF69-AE5B70EA67D1} = {D817E4CC-BCFA-4694-AD00-BE89D38AA523}
		{0A431357-C676-45A5-86E4-4B9299333B98} = {95543F71-5AC3-46F3-9A7F-264CB6609960}
	EndGlobalSection
	GlobalSection(ExtensibilityGlobals) = postSolution
		SolutionGuid = {7075299E-A07E-45D1-A7D8-3C86DD96F248}
	EndGlobalSection
EndGlobal
